
Microsoft Visual Studio Solution File, Format Version 12.00
# Visual Studio 2013
VisualStudioVersion = 12.0.30501.0
MinimumVisualStudioVersion = 10.0.40219.1
Project("{FAE04EC0-301F-11D3-BF4B-00C04F79EFBC}") = "WebFormHost", "WebFormHost\WebFormHost.csproj", "{27A0963D-EA58-4412-9B00-49296FECA51C}"
EndProject
Project("{2150E333-8FDC-42A3-9474-1A3956D46DE8}") = "Notes", "Notes", "{727F8C49-43C1-4022-96FA-6BDEA1F7AB5E}"
	ProjectSection(SolutionItems) = preProject
		Notes.txt = Notes.txt
	EndProjectSection
EndProject
Project("{2150E333-8FDC-42A3-9474-1A3956D46DE8}") = ".nuget", ".nuget", "{C6669DDA-9CB4-49DF-91FC-4FB49A6AD21B}"
	ProjectSection(SolutionItems) = preProject
		.nuget\packages.config = .nuget\packages.config
	EndProjectSection
EndProject
Global
	GlobalSection(SolutionConfigurationPlatforms) = preSolution
		Debug|Any CPU = Debug|Any CPU
		Release|Any CPU = Release|Any CPU
	EndGlobalSection
	GlobalSection(ProjectConfigurationPlatforms) = postSolution
		{27A0963D-EA58-4412-9B00-49296FECA51C}.Debug|Any CPU.ActiveCfg = Debug|Any CPU
		{27A0963D-EA58-4412-9B00-49296FECA51C}.Debug|Any CPU.Build.0 = Debug|Any CPU
		{27A0963D-EA58-4412-9B00-49296FECA51C}.Release|Any CPU.ActiveCfg = Release|Any CPU
		{27A0963D-EA58-4412-9B00-49296FECA51C}.Release|Any CPU.Build.0 = Release|Any CPU
	EndGlobalSection
	GlobalSection(SolutionProperties) = preSolution
		HideSolutionNode = FALSE
	EndGlobalSection
EndGlobal
